
Microsoft Visual Studio Solution File, Format Version 12.00
# Visual Studio Version 16
VisualStudioVersion = 25.0.1700.0
MinimumVisualStudioVersion = 10.0.40219.1
Project("{FAE04EC0-301F-11D3-BF4B-00C04F79EFBC}") = "ElKap", "ElKap\ElKap.csproj", "{F2C3E1C7-7A30-4D9E-B5EC-7AF25D5FF59C}"
EndProject
Project("{FAE04EC0-301F-11D3-BF4B-00C04F79EFBC}") = "Aids", "Aids\Aids.csproj", "{24E4F8AF-FD68-4395-B008-C564AC33712E}"
EndProject
Project("{FAE04EC0-301F-11D3-BF4B-00C04F79EFBC}") = "Core", "Core\Core.csproj", "{34BBEAA4-7523-4359-BF06-7DA4925999FD}"
EndProject
Project("{FAE04EC0-301F-11D3-BF4B-00C04F79EFBC}") = "Data", "Data\Data.csproj", "{C7B92955-B1D3-4D35-806A-AF49A1469E91}"
EndProject
Project("{FAE04EC0-301F-11D3-BF4B-00C04F79EFBC}") = "Domain", "Domain\Domain.csproj", "{3D460FE1-A546-45C0-BFB6-4EB7CAFE9BDF}"
EndProject
Project("{FAE04EC0-301F-11D3-BF4B-00C04F79EFBC}") = "Facade", "Facade\Facade.csproj", "{1DE69E7D-43E5-45BB-83BB-DDC323809834}"
EndProject
Project("{FAE04EC0-301F-11D3-BF4B-00C04F79EFBC}") = "Infra", "Infra\Infra.csproj", "{011A70EF-353E-498C-A1DE-302153E81BBD}"
EndProject
Project("{FAE04EC0-301F-11D3-BF4B-00C04F79EFBC}") = "Pages", "Pages\Pages.csproj", "{01E722E7-6098-4AE1-9F16-BCB6BFA66138}"
EndProject
Project("{FAE04EC0-301F-11D3-BF4B-00C04F79EFBC}") = "Tests", "Tests\Tests.csproj", "{1BB3CFE5-CAF3-4EC3-9D2D-6044ECD77174}"
EndProject
Global
	GlobalSection(SolutionConfigurationPlatforms) = preSolution
		Debug|Any CPU = Debug|Any CPU
		Release|Any CPU = Release|Any CPU
	EndGlobalSection
	GlobalSection(ProjectConfigurationPlatforms) = postSolution
		{F2C3E1C7-7A30-4D9E-B5EC-7AF25D5FF59C}.Debug|Any CPU.ActiveCfg = Debug|Any CPU
		{F2C3E1C7-7A30-4D9E-B5EC-7AF25D5FF59C}.Debug|Any CPU.Build.0 = Debug|Any CPU
		{F2C3E1C7-7A30-4D9E-B5EC-7AF25D5FF59C}.Release|Any CPU.ActiveCfg = Release|Any CPU
		{F2C3E1C7-7A30-4D9E-B5EC-7AF25D5FF59C}.Release|Any CPU.Build.0 = Release|Any CPU
		{24E4F8AF-FD68-4395-B008-C564AC33712E}.Debug|Any CPU.ActiveCfg = Debug|Any CPU
		{24E4F8AF-FD68-4395-B008-C564AC33712E}.Debug|Any CPU.Build.0 = Debug|Any CPU
		{24E4F8AF-FD68-4395-B008-C564AC33712E}.Release|Any CPU.ActiveCfg = Release|Any CPU
		{24E4F8AF-FD68-4395-B008-C564AC33712E}.Release|Any CPU.Build.0 = Release|Any CPU
		{34BBEAA4-7523-4359-BF06-7DA4925999FD}.Debug|Any CPU.ActiveCfg = Debug|Any CPU
		{34BBEAA4-7523-4359-BF06-7DA4925999FD}.Debug|Any CPU.Build.0 = Debug|Any CPU
		{34BBEAA4-7523-4359-BF06-7DA4925999FD}.Release|Any CPU.ActiveCfg = Release|Any CPU
		{34BBEAA4-7523-4359-BF06-7DA4925999FD}.Release|Any CPU.Build.0 = Release|Any CPU
		{C7B92955-B1D3-4D35-806A-AF49A1469E91}.Debug|Any CPU.ActiveCfg = Debug|Any CPU
		{C7B92955-B1D3-4D35-806A-AF49A1469E91}.Debug|Any CPU.Build.0 = Debug|Any CPU
		{C7B92955-B1D3-4D35-806A-AF49A1469E91}.Release|Any CPU.ActiveCfg = Release|Any CPU
		{C7B92955-B1D3-4D35-806A-AF49A1469E91}.Release|Any CPU.Build.0 = Release|Any CPU
		{3D460FE1-A546-45C0-BFB6-4EB7CAFE9BDF}.Debug|Any CPU.ActiveCfg = Debug|Any CPU
		{3D460FE1-A546-45C0-BFB6-4EB7CAFE9BDF}.Debug|Any CPU.Build.0 = Debug|Any CPU
		{3D460FE1-A546-45C0-BFB6-4EB7CAFE9BDF}.Release|Any CPU.ActiveCfg = Release|Any CPU
		{3D460FE1-A546-45C0-BFB6-4EB7CAFE9BDF}.Release|Any CPU.Build.0 = Release|Any CPU
		{1DE69E7D-43E5-45BB-83BB-DDC323809834}.Debug|Any CPU.ActiveCfg = Debug|Any CPU
		{1DE69E7D-43E5-45BB-83BB-DDC323809834}.Debug|Any CPU.Build.0 = Debug|Any CPU
		{1DE69E7D-43E5-45BB-83BB-DDC323809834}.Release|Any CPU.ActiveCfg = Release|Any CPU
		{1DE69E7D-43E5-45BB-83BB-DDC323809834}.Release|Any CPU.Build.0 = Release|Any CPU
		{011A70EF-353E-498C-A1DE-302153E81BBD}.Debug|Any CPU.ActiveCfg = Debug|Any CPU
		{011A70EF-353E-498C-A1DE-302153E81BBD}.Debug|Any CPU.Build.0 = Debug|Any CPU
		{011A70EF-353E-498C-A1DE-302153E81BBD}.Release|Any CPU.ActiveCfg = Release|Any CPU
		{011A70EF-353E-498C-A1DE-302153E81BBD}.Release|Any CPU.Build.0 = Release|Any CPU
		{01E722E7-6098-4AE1-9F16-BCB6BFA66138}.Debug|Any CPU.ActiveCfg = Debug|Any CPU
		{01E722E7-6098-4AE1-9F16-BCB6BFA66138}.Debug|Any CPU.Build.0 = Debug|Any CPU
		{01E722E7-6098-4AE1-9F16-BCB6BFA66138}.Release|Any CPU.ActiveCfg = Release|Any CPU
		{01E722E7-6098-4AE1-9F16-BCB6BFA66138}.Release|Any CPU.Build.0 = Release|Any CPU
		{1BB3CFE5-CAF3-4EC3-9D2D-6044ECD77174}.Debug|Any CPU.ActiveCfg = Debug|Any CPU
		{1BB3CFE5-CAF3-4EC3-9D2D-6044ECD77174}.Debug|Any CPU.Build.0 = Debug|Any CPU
		{1BB3CFE5-CAF3-4EC3-9D2D-6044ECD77174}.Release|Any CPU.ActiveCfg = Release|Any CPU
		{1BB3CFE5-CAF3-4EC3-9D2D-6044ECD77174}.Release|Any CPU.Build.0 = Release|Any CPU
	EndGlobalSection
	GlobalSection(SolutionProperties) = preSolution
		HideSolutionNode = FALSE
	EndGlobalSection
	GlobalSection(ExtensibilityGlobals) = postSolution
		SolutionGuid = {14365186-C279-4283-AC0F-091985A3288C}
	EndGlobalSection
	GlobalSection(MonoDevelopProperties) = preSolution
		Policies = $0
		$0.TextStylePolicy = $1
		$1.FileWidth = 80
		$1.TabsToSpaces = True
		$1.scope = text/x-csharp
		$0.CSharpFormattingPolicy = $2
		$2.scope = text/x-csharp
	EndGlobalSection
EndGlobal
