
Microsoft Visual Studio Solution File, Format Version 12.00
# Visual Studio Version 16
VisualStudioVersion = 16.0.810.18
MinimumVisualStudioVersion = 10.0.40219.1
Project("{FAE04EC0-301F-11D3-BF4B-00C04F79EFBC}") = "ElKap", "ElKap\ElKap.csproj", "{410CE273-4338-4F36-AB83-2A450238AAC4}"
EndProject
Project("{FAE04EC0-301F-11D3-BF4B-00C04F79EFBC}") = "Aids", "Aids\Aids.csproj", "{32DB1D42-2A72-4E93-A499-0826E0B42209}"
EndProject
Project("{FAE04EC0-301F-11D3-BF4B-00C04F79EFBC}") = "Core", "Core\Core.csproj", "{950B94C7-715A-4B34-9C43-861DA57AC2F1}"
EndProject
Project("{FAE04EC0-301F-11D3-BF4B-00C04F79EFBC}") = "Data", "Data\Data.csproj", "{8E2389F0-F1C5-4F19-94D1-84EB0BD45EEA}"
EndProject
Project("{FAE04EC0-301F-11D3-BF4B-00C04F79EFBC}") = "Domain", "Domain\Domain.csproj", "{9ACDEF93-65B2-4F3C-80EB-36B670EF095E}"
EndProject
Project("{FAE04EC0-301F-11D3-BF4B-00C04F79EFBC}") = "Facade", "Facade\Facade.csproj", "{6AF6E66E-0263-4986-B41E-89229373C4FC}"
EndProject
Project("{FAE04EC0-301F-11D3-BF4B-00C04F79EFBC}") = "Infra", "Infra\Infra.csproj", "{E600B454-4EB8-4CD5-985D-7E302EF2F00C}"
EndProject
Project("{FAE04EC0-301F-11D3-BF4B-00C04F79EFBC}") = "Pages", "Pages\Pages.csproj", "{631CA42E-1F05-4EA5-BE5E-AF4833F2CEE1}"
EndProject
Project("{FAE04EC0-301F-11D3-BF4B-00C04F79EFBC}") = "Tests", "Tests\Tests.csproj", "{4F859636-0809-4CCA-8163-45A4C7676ECB}"
EndProject
Global
	GlobalSection(SolutionConfigurationPlatforms) = preSolution
		Debug|Any CPU = Debug|Any CPU
		Release|Any CPU = Release|Any CPU
	EndGlobalSection
	GlobalSection(ProjectConfigurationPlatforms) = postSolution
		{410CE273-4338-4F36-AB83-2A450238AAC4}.Debug|Any CPU.ActiveCfg = Debug|Any CPU
		{410CE273-4338-4F36-AB83-2A450238AAC4}.Debug|Any CPU.Build.0 = Debug|Any CPU
		{410CE273-4338-4F36-AB83-2A450238AAC4}.Release|Any CPU.ActiveCfg = Release|Any CPU
		{410CE273-4338-4F36-AB83-2A450238AAC4}.Release|Any CPU.Build.0 = Release|Any CPU
		{32DB1D42-2A72-4E93-A499-0826E0B42209}.Debug|Any CPU.ActiveCfg = Debug|Any CPU
		{32DB1D42-2A72-4E93-A499-0826E0B42209}.Debug|Any CPU.Build.0 = Debug|Any CPU
		{32DB1D42-2A72-4E93-A499-0826E0B42209}.Release|Any CPU.ActiveCfg = Release|Any CPU
		{32DB1D42-2A72-4E93-A499-0826E0B42209}.Release|Any CPU.Build.0 = Release|Any CPU
		{950B94C7-715A-4B34-9C43-861DA57AC2F1}.Debug|Any CPU.ActiveCfg = Debug|Any CPU
		{950B94C7-715A-4B34-9C43-861DA57AC2F1}.Debug|Any CPU.Build.0 = Debug|Any CPU
		{950B94C7-715A-4B34-9C43-861DA57AC2F1}.Release|Any CPU.ActiveCfg = Release|Any CPU
		{950B94C7-715A-4B34-9C43-861DA57AC2F1}.Release|Any CPU.Build.0 = Release|Any CPU
		{8E2389F0-F1C5-4F19-94D1-84EB0BD45EEA}.Debug|Any CPU.ActiveCfg = Debug|Any CPU
		{8E2389F0-F1C5-4F19-94D1-84EB0BD45EEA}.Debug|Any CPU.Build.0 = Debug|Any CPU
		{8E2389F0-F1C5-4F19-94D1-84EB0BD45EEA}.Release|Any CPU.ActiveCfg = Release|Any CPU
		{8E2389F0-F1C5-4F19-94D1-84EB0BD45EEA}.Release|Any CPU.Build.0 = Release|Any CPU
		{9ACDEF93-65B2-4F3C-80EB-36B670EF095E}.Debug|Any CPU.ActiveCfg = Debug|Any CPU
		{9ACDEF93-65B2-4F3C-80EB-36B670EF095E}.Debug|Any CPU.Build.0 = Debug|Any CPU
		{9ACDEF93-65B2-4F3C-80EB-36B670EF095E}.Release|Any CPU.ActiveCfg = Release|Any CPU
		{9ACDEF93-65B2-4F3C-80EB-36B670EF095E}.Release|Any CPU.Build.0 = Release|Any CPU
		{6AF6E66E-0263-4986-B41E-89229373C4FC}.Debug|Any CPU.ActiveCfg = Debug|Any CPU
		{6AF6E66E-0263-4986-B41E-89229373C4FC}.Debug|Any CPU.Build.0 = Debug|Any CPU
		{6AF6E66E-0263-4986-B41E-89229373C4FC}.Release|Any CPU.ActiveCfg = Release|Any CPU
		{6AF6E66E-0263-4986-B41E-89229373C4FC}.Release|Any CPU.Build.0 = Release|Any CPU
		{E600B454-4EB8-4CD5-985D-7E302EF2F00C}.Debug|Any CPU.ActiveCfg = Debug|Any CPU
		{E600B454-4EB8-4CD5-985D-7E302EF2F00C}.Debug|Any CPU.Build.0 = Debug|Any CPU
		{E600B454-4EB8-4CD5-985D-7E302EF2F00C}.Release|Any CPU.ActiveCfg = Release|Any CPU
		{E600B454-4EB8-4CD5-985D-7E302EF2F00C}.Release|Any CPU.Build.0 = Release|Any CPU
		{631CA42E-1F05-4EA5-BE5E-AF4833F2CEE1}.Debug|Any CPU.ActiveCfg = Debug|Any CPU
		{631CA42E-1F05-4EA5-BE5E-AF4833F2CEE1}.Debug|Any CPU.Build.0 = Debug|Any CPU
		{631CA42E-1F05-4EA5-BE5E-AF4833F2CEE1}.Release|Any CPU.ActiveCfg = Release|Any CPU
		{631CA42E-1F05-4EA5-BE5E-AF4833F2CEE1}.Release|Any CPU.Build.0 = Release|Any CPU
		{4F859636-0809-4CCA-8163-45A4C7676ECB}.Debug|Any CPU.ActiveCfg = Debug|Any CPU
		{4F859636-0809-4CCA-8163-45A4C7676ECB}.Debug|Any CPU.Build.0 = Debug|Any CPU
		{4F859636-0809-4CCA-8163-45A4C7676ECB}.Release|Any CPU.ActiveCfg = Release|Any CPU
		{4F859636-0809-4CCA-8163-45A4C7676ECB}.Release|Any CPU.Build.0 = Release|Any CPU
	EndGlobalSection
	GlobalSection(SolutionProperties) = preSolution
		HideSolutionNode = FALSE
	EndGlobalSection
	GlobalSection(ExtensibilityGlobals) = postSolution
		SolutionGuid = {E1F0F071-F0EE-4611-8271-3DA0B5BFE628}
	EndGlobalSection
EndGlobal
